
Microsoft Visual Studio Solution File, Format Version 12.00
# Visual Studio Version 17
VisualStudioVersion = 17.0.32112.339
MinimumVisualStudioVersion = 10.0.40219.1
Project("{9A19103F-16F7-4668-BE54-9A1E7A4F7556}") = "CodingBible", "CodingBible.csproj", "{EDA9E5B1-6377-493F-8B75-299447FEA57F}"
EndProject
Project("{FAE04EC0-301F-11D3-BF4B-00C04F79EFBC}") = "CodingBibleTesting", "..\CodingBibleTesting\CodingBibleTesting.csproj", "{D3EE9DE7-C7DC-49F8-A4E7-45F0A34A801C}"
EndProject
Global
	GlobalSection(SolutionConfigurationPlatforms) = preSolution
		Debug|Any CPU = Debug|Any CPU
		Release|Any CPU = Release|Any CPU
	EndGlobalSection
	GlobalSection(ProjectConfigurationPlatforms) = postSolution
		{EDA9E5B1-6377-493F-8B75-299447FEA57F}.Debug|Any CPU.ActiveCfg = Debug|Any CPU
		{EDA9E5B1-6377-493F-8B75-299447FEA57F}.Debug|Any CPU.Build.0 = Debug|Any CPU
		{EDA9E5B1-6377-493F-8B75-299447FEA57F}.Release|Any CPU.ActiveCfg = Release|Any CPU
		{EDA9E5B1-6377-493F-8B75-299447FEA57F}.Release|Any CPU.Build.0 = Release|Any CPU
		{D3EE9DE7-C7DC-49F8-A4E7-45F0A34A801C}.Debug|Any CPU.ActiveCfg = Debug|Any CPU
		{D3EE9DE7-C7DC-49F8-A4E7-45F0A34A801C}.Debug|Any CPU.Build.0 = Debug|Any CPU
		{D3EE9DE7-C7DC-49F8-A4E7-45F0A34A801C}.Release|Any CPU.ActiveCfg = Release|Any CPU
		{D3EE9DE7-C7DC-49F8-A4E7-45F0A34A801C}.Release|Any CPU.Build.0 = Release|Any CPU
	EndGlobalSection
	GlobalSection(SolutionProperties) = preSolution
		HideSolutionNode = FALSE
	EndGlobalSection
	GlobalSection(ExtensibilityGlobals) = postSolution
		SolutionGuid = {E9445947-35F1-4915-B51E-E920C277C453}
	EndGlobalSection
EndGlobal
